
Microsoft Visual Studio Solution File, Format Version 12.00
# Visual Studio Version 17
VisualStudioVersion = 17.13.35931.197
MinimumVisualStudioVersion = 10.0.40219.1
Project("{FAE04EC0-301F-11D3-BF4B-00C04F79EFBC}") = "SOLID", "SOLID\SOLID.csproj", "{25FD3A50-0B32-4924-91D9-81CFD12A6548}"
EndProject
Project("{FAE04EC0-301F-11D3-BF4B-00C04F79EFBC}") = "Concurency", "Concurency\Concurency.csproj", "{CACBD8CA-7014-43A7-8ED6-8011F28DEA02}"
EndProject
Project("{FAE04EC0-301F-11D3-BF4B-00C04F79EFBC}") = "DataStructures", "DataStructures\DataStructures.csproj", "{1E2A24DC-4364-46F8-9D10-286FA1209C32}"
EndProject
Project("{FAE04EC0-301F-11D3-BF4B-00C04F79EFBC}") = "Patterns", "Patterns\Patterns.csproj", "{C6E7677A-2BCF-4765-9B74-877E43B24ED4}"
EndProject
Project("{FAE04EC0-301F-11D3-BF4B-00C04F79EFBC}") = "Delegates", "Delegates\Delegates.csproj", "{40BBD92D-1288-4047-A818-04F44F09F0C0}"
EndProject
Project("{FAE04EC0-301F-11D3-BF4B-00C04F79EFBC}") = "EFCoreProfiling", "EFCoreProfiling\EFCoreProfiling.csproj", "{95825D94-4020-41C2-9359-5317F9D976F1}"
EndProject
Project("{FAE04EC0-301F-11D3-BF4B-00C04F79EFBC}") = "EFPractice", "EFPractice\EFPractice.csproj", "{FD2030E6-08F9-4275-8689-FDBDE6DDC509}"
EndProject
Project("{FAE04EC0-301F-11D3-BF4B-00C04F79EFBC}") = "EFPractice01", "EFPractice01\EFPractice01.csproj", "{DBDB540E-4E68-4D9A-B150-C1BA73CB9D44}"
EndProject
Project("{FAE04EC0-301F-11D3-BF4B-00C04F79EFBC}") = "AspCourses", "AspCourses\AspCourses.csproj", "{08055D1E-5082-4774-905A-92311AE5A4CF}"
EndProject
Global
	GlobalSection(SolutionConfigurationPlatforms) = preSolution
		Debug|Any CPU = Debug|Any CPU
		Debug|x64 = Debug|x64
		Release|Any CPU = Release|Any CPU
		Release|x64 = Release|x64
	EndGlobalSection
	GlobalSection(ProjectConfigurationPlatforms) = postSolution
		{25FD3A50-0B32-4924-91D9-81CFD12A6548}.Debug|Any CPU.ActiveCfg = Debug|Any CPU
		{25FD3A50-0B32-4924-91D9-81CFD12A6548}.Debug|Any CPU.Build.0 = Debug|Any CPU
		{25FD3A50-0B32-4924-91D9-81CFD12A6548}.Debug|x64.ActiveCfg = Debug|Any CPU
		{25FD3A50-0B32-4924-91D9-81CFD12A6548}.Debug|x64.Build.0 = Debug|Any CPU
		{25FD3A50-0B32-4924-91D9-81CFD12A6548}.Release|Any CPU.ActiveCfg = Release|Any CPU
		{25FD3A50-0B32-4924-91D9-81CFD12A6548}.Release|Any CPU.Build.0 = Release|Any CPU
		{25FD3A50-0B32-4924-91D9-81CFD12A6548}.Release|x64.ActiveCfg = Release|Any CPU
		{25FD3A50-0B32-4924-91D9-81CFD12A6548}.Release|x64.Build.0 = Release|Any CPU
		{CACBD8CA-7014-43A7-8ED6-8011F28DEA02}.Debug|Any CPU.ActiveCfg = Debug|Any CPU
		{CACBD8CA-7014-43A7-8ED6-8011F28DEA02}.Debug|Any CPU.Build.0 = Debug|Any CPU
		{CACBD8CA-7014-43A7-8ED6-8011F28DEA02}.Debug|x64.ActiveCfg = Debug|Any CPU
		{CACBD8CA-7014-43A7-8ED6-8011F28DEA02}.Debug|x64.Build.0 = Debug|Any CPU
		{CACBD8CA-7014-43A7-8ED6-8011F28DEA02}.Release|Any CPU.ActiveCfg = Release|Any CPU
		{CACBD8CA-7014-43A7-8ED6-8011F28DEA02}.Release|Any CPU.Build.0 = Release|Any CPU
		{CACBD8CA-7014-43A7-8ED6-8011F28DEA02}.Release|x64.ActiveCfg = Release|Any CPU
		{CACBD8CA-7014-43A7-8ED6-8011F28DEA02}.Release|x64.Build.0 = Release|Any CPU
		{1E2A24DC-4364-46F8-9D10-286FA1209C32}.Debug|Any CPU.ActiveCfg = Debug|Any CPU
		{1E2A24DC-4364-46F8-9D10-286FA1209C32}.Debug|Any CPU.Build.0 = Debug|Any CPU
		{1E2A24DC-4364-46F8-9D10-286FA1209C32}.Debug|x64.ActiveCfg = Debug|x64
		{1E2A24DC-4364-46F8-9D10-286FA1209C32}.Debug|x64.Build.0 = Debug|x64
		{1E2A24DC-4364-46F8-9D10-286FA1209C32}.Release|Any CPU.ActiveCfg = Release|Any CPU
		{1E2A24DC-4364-46F8-9D10-286FA1209C32}.Release|Any CPU.Build.0 = Release|Any CPU
		{1E2A24DC-4364-46F8-9D10-286FA1209C32}.Release|x64.ActiveCfg = Release|x64
		{1E2A24DC-4364-46F8-9D10-286FA1209C32}.Release|x64.Build.0 = Release|x64
		{C6E7677A-2BCF-4765-9B74-877E43B24ED4}.Debug|Any CPU.ActiveCfg = Debug|Any CPU
		{C6E7677A-2BCF-4765-9B74-877E43B24ED4}.Debug|Any CPU.Build.0 = Debug|Any CPU
		{C6E7677A-2BCF-4765-9B74-877E43B24ED4}.Debug|x64.ActiveCfg = Debug|Any CPU
		{C6E7677A-2BCF-4765-9B74-877E43B24ED4}.Debug|x64.Build.0 = Debug|Any CPU
		{C6E7677A-2BCF-4765-9B74-877E43B24ED4}.Release|Any CPU.ActiveCfg = Release|Any CPU
		{C6E7677A-2BCF-4765-9B74-877E43B24ED4}.Release|Any CPU.Build.0 = Release|Any CPU
		{C6E7677A-2BCF-4765-9B74-877E43B24ED4}.Release|x64.ActiveCfg = Release|Any CPU
		{C6E7677A-2BCF-4765-9B74-877E43B24ED4}.Release|x64.Build.0 = Release|Any CPU
		{40BBD92D-1288-4047-A818-04F44F09F0C0}.Debug|Any CPU.ActiveCfg = Debug|Any CPU
		{40BBD92D-1288-4047-A818-04F44F09F0C0}.Debug|Any CPU.Build.0 = Debug|Any CPU
		{40BBD92D-1288-4047-A818-04F44F09F0C0}.Debug|x64.ActiveCfg = Debug|Any CPU
		{40BBD92D-1288-4047-A818-04F44F09F0C0}.Debug|x64.Build.0 = Debug|Any CPU
		{40BBD92D-1288-4047-A818-04F44F09F0C0}.Release|Any CPU.ActiveCfg = Release|Any CPU
		{40BBD92D-1288-4047-A818-04F44F09F0C0}.Release|Any CPU.Build.0 = Release|Any CPU
		{40BBD92D-1288-4047-A818-04F44F09F0C0}.Release|x64.ActiveCfg = Release|Any CPU
		{40BBD92D-1288-4047-A818-04F44F09F0C0}.Release|x64.Build.0 = Release|Any CPU
		{95825D94-4020-41C2-9359-5317F9D976F1}.Debug|Any CPU.ActiveCfg = Debug|Any CPU
		{95825D94-4020-41C2-9359-5317F9D976F1}.Debug|Any CPU.Build.0 = Debug|Any CPU
		{95825D94-4020-41C2-9359-5317F9D976F1}.Debug|x64.ActiveCfg = Debug|Any CPU
		{95825D94-4020-41C2-9359-5317F9D976F1}.Debug|x64.Build.0 = Debug|Any CPU
		{95825D94-4020-41C2-9359-5317F9D976F1}.Release|Any CPU.ActiveCfg = Release|Any CPU
		{95825D94-4020-41C2-9359-5317F9D976F1}.Release|Any CPU.Build.0 = Release|Any CPU
		{95825D94-4020-41C2-9359-5317F9D976F1}.Release|x64.ActiveCfg = Release|Any CPU
		{95825D94-4020-41C2-9359-5317F9D976F1}.Release|x64.Build.0 = Release|Any CPU
		{FD2030E6-08F9-4275-8689-FDBDE6DDC509}.Debug|Any CPU.ActiveCfg = Debug|Any CPU
		{FD2030E6-08F9-4275-8689-FDBDE6DDC509}.Debug|Any CPU.Build.0 = Debug|Any CPU
		{FD2030E6-08F9-4275-8689-FDBDE6DDC509}.Debug|x64.ActiveCfg = Debug|Any CPU
		{FD2030E6-08F9-4275-8689-FDBDE6DDC509}.Debug|x64.Build.0 = Debug|Any CPU
		{FD2030E6-08F9-4275-8689-FDBDE6DDC509}.Release|Any CPU.ActiveCfg = Release|Any CPU
		{FD2030E6-08F9-4275-8689-FDBDE6DDC509}.Release|Any CPU.Build.0 = Release|Any CPU
		{FD2030E6-08F9-4275-8689-FDBDE6DDC509}.Release|x64.ActiveCfg = Release|Any CPU
		{FD2030E6-08F9-4275-8689-FDBDE6DDC509}.Release|x64.Build.0 = Release|Any CPU
		{DBDB540E-4E68-4D9A-B150-C1BA73CB9D44}.Debug|Any CPU.ActiveCfg = Debug|Any CPU
		{DBDB540E-4E68-4D9A-B150-C1BA73CB9D44}.Debug|Any CPU.Build.0 = Debug|Any CPU
		{DBDB540E-4E68-4D9A-B150-C1BA73CB9D44}.Debug|x64.ActiveCfg = Debug|Any CPU
		{DBDB540E-4E68-4D9A-B150-C1BA73CB9D44}.Debug|x64.Build.0 = Debug|Any CPU
		{DBDB540E-4E68-4D9A-B150-C1BA73CB9D44}.Release|Any CPU.ActiveCfg = Release|Any CPU
		{DBDB540E-4E68-4D9A-B150-C1BA73CB9D44}.Release|Any CPU.Build.0 = Release|Any CPU
		{DBDB540E-4E68-4D9A-B150-C1BA73CB9D44}.Release|x64.ActiveCfg = Release|Any CPU
		{DBDB540E-4E68-4D9A-B150-C1BA73CB9D44}.Release|x64.Build.0 = Release|Any CPU
		{08055D1E-5082-4774-905A-92311AE5A4CF}.Debug|Any CPU.ActiveCfg = Debug|Any CPU
		{08055D1E-5082-4774-905A-92311AE5A4CF}.Debug|Any CPU.Build.0 = Debug|Any CPU
		{08055D1E-5082-4774-905A-92311AE5A4CF}.Debug|x64.ActiveCfg = Debug|Any CPU
		{08055D1E-5082-4774-905A-92311AE5A4CF}.Debug|x64.Build.0 = Debug|Any CPU
		{08055D1E-5082-4774-905A-92311AE5A4CF}.Release|Any CPU.ActiveCfg = Release|Any CPU
		{08055D1E-5082-4774-905A-92311AE5A4CF}.Release|Any CPU.Build.0 = Release|Any CPU
		{08055D1E-5082-4774-905A-92311AE5A4CF}.Release|x64.ActiveCfg = Release|Any CPU
		{08055D1E-5082-4774-905A-92311AE5A4CF}.Release|x64.Build.0 = Release|Any CPU
	EndGlobalSection
	GlobalSection(SolutionProperties) = preSolution
		HideSolutionNode = FALSE
	EndGlobalSection
	GlobalSection(ExtensibilityGlobals) = postSolution
		SolutionGuid = {172A8963-9D7F-4AEC-B859-A0DDE5614213}
	EndGlobalSection
EndGlobal
